
Microsoft Visual Studio Solution File, Format Version 12.00
Project("{FAE04EC0-301F-11D3-BF4B-00C04F79EFBC}") = "Quadratic_Equation_Algorithm", "Quadratic_Equation_Algorithm\Quadratic_Equation_Algorithm.csproj", "{386147D9-F904-47A9-87B4-0BEF6AEC5974}"
EndProject
Global
	GlobalSection(SolutionConfigurationPlatforms) = preSolution
		Debug|Any CPU = Debug|Any CPU
		Release|Any CPU = Release|Any CPU
	EndGlobalSection
	GlobalSection(ProjectConfigurationPlatforms) = postSolution
		{386147D9-F904-47A9-87B4-0BEF6AEC5974}.Debug|Any CPU.ActiveCfg = Debug|Any CPU
		{386147D9-F904-47A9-87B4-0BEF6AEC5974}.Debug|Any CPU.Build.0 = Debug|Any CPU
		{386147D9-F904-47A9-87B4-0BEF6AEC5974}.Release|Any CPU.ActiveCfg = Release|Any CPU
		{386147D9-F904-47A9-87B4-0BEF6AEC5974}.Release|Any CPU.Build.0 = Release|Any CPU
	EndGlobalSection
EndGlobal
